
Microsoft Visual Studio Solution File, Format Version 12.00
# Visual Studio Version 17
VisualStudioVersion = 17.9.34728.123
MinimumVisualStudioVersion = 10.0.40219.1
Project("{FAE04EC0-301F-11D3-BF4B-00C04F79EFBC}") = "YouTubeMusic.Api", "YouTubeMusic.Api\YouTubeMusic.Api.csproj", "{435025D8-F9B2-4FCF-B449-0C3196095A55}"
EndProject
Global
	GlobalSection(SolutionConfigurationPlatforms) = preSolution
		Debug|Any CPU = Debug|Any CPU
		Release|Any CPU = Release|Any CPU
	EndGlobalSection
	GlobalSection(ProjectConfigurationPlatforms) = postSolution
		{435025D8-F9B2-4FCF-B449-0C3196095A55}.Debug|Any CPU.ActiveCfg = Debug|Any CPU
		{435025D8-F9B2-4FCF-B449-0C3196095A55}.Debug|Any CPU.Build.0 = Debug|Any CPU
		{435025D8-F9B2-4FCF-B449-0C3196095A55}.Release|Any CPU.ActiveCfg = Release|Any CPU
		{435025D8-F9B2-4FCF-B449-0C3196095A55}.Release|Any CPU.Build.0 = Release|Any CPU
	EndGlobalSection
	GlobalSection(SolutionProperties) = preSolution
		HideSolutionNode = FALSE
	EndGlobalSection
	GlobalSection(ExtensibilityGlobals) = postSolution
		SolutionGuid = {A7EF1CC0-D444-4A64-96B2-256A7B5EAE1D}
	EndGlobalSection
EndGlobal
